set_global_assignment -name FAMILY "Cyclone IV E"
set_global_assignment -name DEVICE EP4CE15F17C8
set_global_assignment -name TOP_LEVEL_ENTITY hx_rpg_top
set_global_assignment -name VERILOG_FILE ../hx_rpg_top.v
set_global_assignment -name VERILOG_FILE ../../strip/hx_strip.v
set_global_assignment -name VERILOG_FILE ../../actor/hx_actor.v
set_global_assignment -name VERILOG_FILE ../../scene/hx_scene.v
set_global_assignment -name VERILOG_FILE ../../fmv/hx_fmv.v
set_global_assignment -name VERILOG_FILE ../../mixer/hx_audio_top.v
set_global_assignment -name VERILOG_FILE ../../mixer/hx_mixer_seq.v
set_global_assignment -name VERILOG_FILE ../../mixer/hx_produce.v
set_global_assignment -name VERILOG_FILE ../../mixer/hx_cubic.v
set_global_assignment -name VERILOG_FILE ../../mixer/hx_lerp.v
set_global_assignment -name VERILOG_FILE ../../mixer/hx_scale.v
set_global_assignment -name VERILOG_FILE ../../mixer/hx_finalize.v
set_global_assignment -name VERILOG_FILE ../../mixer/hx_psram_arb.v
set_instance_assignment -name VIRTUAL_PIN ON -to *
